// !$*UTF8*$!
{
	archiveVersion = 1;
	classes = {
	};
	objectVersion = 77;
	objects = {

/* Begin PBXBuildFile section */
		133945320AC70EFF58A9D102 /* UserBadgesView.swift in Sources */ = {isa = PBXBuildFile; fileRef = 773E7F7FDE0B46C906658FBE /* UserBadgesView.swift */; };
		163EECCFEF15E29E839BE24B /* MangaDetailSyncLogic.swift in Sources */ = {isa = PBXBuildFile; fileRef = 55C25A54299F28AE4AC67423 /* MangaDetailSyncLogic.swift */; };
		18481F9D76DF98502773C582 /* FirebaseFirestore in Frameworks */ = {isa = PBXBuildFile; productRef = A9947FD777FE5E2672B8160A /* FirebaseFirestore */; };
		1C6686FBB4EB57DAB8C2C338 /* MangaDetailSyncLogicTests.swift in Sources */ = {isa = PBXBuildFile; fileRef = 4903A3DC0284C0ADFD47710E /* MangaDetailSyncLogicTests.swift */; };
		1F0FDC063E01FC967D578CE3 /* ManualFormView.swift in Sources */ = {isa = PBXBuildFile; fileRef = FFC53DDC6A00553B29F0F588 /* ManualFormView.swift */; };
		213A717C8CA9230E69070649 /* InputValidationTests.swift in Sources */ = {isa = PBXBuildFile; fileRef = 981F3350A5ED0FD9AFE291F2 /* InputValidationTests.swift */; };
		30E96966B56451C60ACE1263 /* Secrets.plist in Resources */ = {isa = PBXBuildFile; fileRef = B9D1B6FA5394AAA6E6EC237B /* Secrets.plist */; };
		35D9E906D8669A058F1E22D2 /* AniListGenreMappingTests.swift in Sources */ = {isa = PBXBuildFile; fileRef = EEF20DE28ABE92B7F1DDC071 /* AniListGenreMappingTests.swift */; };
		4029CB90BDD306627FE9836E /* SeriesGroupView.swift in Sources */ = {isa = PBXBuildFile; fileRef = D12521030710635FC56EC5AB /* SeriesGroupView.swift */; };
		48C24EA038DFDE544CB3B8CD /* Manga.swift in Sources */ = {isa = PBXBuildFile; fileRef = 6913F8DE5C03EAA00B1A0470 /* Manga.swift */; };
		4AC8D79A294BF11427EFCF52 /* MangaDetailView.swift in Sources */ = {isa = PBXBuildFile; fileRef = 476AB463AB45E317418FF6B1 /* MangaDetailView.swift */; };
		4F38CFCD80FFBDFE33E149FA /* MangaShelfApp.swift in Sources */ = {isa = PBXBuildFile; fileRef = B25750A38F9FB207193F503F /* MangaShelfApp.swift */; };
		619816C9BE0600594A0A7614 /* InputValidation.swift in Sources */ = {isa = PBXBuildFile; fileRef = 8E903C967EE78B54685841E1 /* InputValidation.swift */; };
		657412A155E61727F0155A9E /* Theme.swift in Sources */ = {isa = PBXBuildFile; fileRef = 4E234ADB83ADF60CAAC6D126 /* Theme.swift */; };
		68E515D65B18E15575B76633 /* AniListService.swift in Sources */ = {isa = PBXBuildFile; fileRef = 0383E12EEB9B5D6CDEEFD45F /* AniListService.swift */; };
		6D3223E0FC9E91374B476249 /* AddMangaView.swift in Sources */ = {isa = PBXBuildFile; fileRef = 58C69AA2EB792EA84F39D236 /* AddMangaView.swift */; };
		716DE4E391BF827AC8B290C5 /* GoogleService-Info.plist in Resources */ = {isa = PBXBuildFile; fileRef = 079855B4C32808BE7799009A /* GoogleService-Info.plist */; };
		76AB13AA1FDDA2204C7E17B2 /* RakutenSecrets.swift in Sources */ = {isa = PBXBuildFile; fileRef = 7F642E79B57314F2D975BA5F /* RakutenSecrets.swift */; };
		7AF3DC864C73A6B524478684 /* FirebaseCore in Frameworks */ = {isa = PBXBuildFile; productRef = 90D93A256E3F0D1ACF744836 /* FirebaseCore */; };
		992667A7F49BF2CC8DCCEE30 /* RakutenBooksAPI.swift in Sources */ = {isa = PBXBuildFile; fileRef = 1524ECD63A8F52F9089C3362 /* RakutenBooksAPI.swift */; };
		B90E426F0621D45B98723057 /* MangaCardView.swift in Sources */ = {isa = PBXBuildFile; fileRef = 4FF590F877001BB85F560E4E /* MangaCardView.swift */; };
		BB8CC8440B0A55BF395C1E30 /* FirebaseBootstrap.swift in Sources */ = {isa = PBXBuildFile; fileRef = 45EF399B3AC6BE61F32C9195 /* FirebaseBootstrap.swift */; };
		C33F0E7EDFAD6BF95257DCC6 /* RakutenVolumeExtractionTests.swift in Sources */ = {isa = PBXBuildFile; fileRef = 53F8B7B236999E4B3C4820D1 /* RakutenVolumeExtractionTests.swift */; };
		C5D804B7363D6C7593B2AE94 /* ShelfRowBuilder.swift in Sources */ = {isa = PBXBuildFile; fileRef = 2B592DD2EA6519A845E49AB5 /* ShelfRowBuilder.swift */; };
		CB2AD3A6D5C743551B07811B /* CandidateRowView.swift in Sources */ = {isa = PBXBuildFile; fileRef = 1822CDA5A8860D116D015C8B /* CandidateRowView.swift */; };
		CC9892CB2BD3DA12A193AEC2 /* VolumeGridView.swift in Sources */ = {isa = PBXBuildFile; fileRef = 5052CE1C524872C7C1D0D6BE /* VolumeGridView.swift */; };
		DDCC47A01FB88D510E31B7C6 /* BulkUpdateResultView.swift in Sources */ = {isa = PBXBuildFile; fileRef = F9174A49D3EB9577958720FC /* BulkUpdateResultView.swift */; };
		E92FCD20E487B0C5DD5C0A81 /* RootView.swift in Sources */ = {isa = PBXBuildFile; fileRef = 9802FB0F6E1CECCCD0055FF1 /* RootView.swift */; };
		E9311718B3C40AE34E77EC30 /* MangaShelfView.swift in Sources */ = {isa = PBXBuildFile; fileRef = 9A90FFB6C1932BD9CAED5466 /* MangaShelfView.swift */; };
		F6968BD2D81C6BA57DB43AF5 /* MangaRepository.swift in Sources */ = {isa = PBXBuildFile; fileRef = 80B8D14E9C55B58767ED032B /* MangaRepository.swift */; };
		F90EF46FE6C38E37072F1735 /* ShelfRowBuilderTests.swift in Sources */ = {isa = PBXBuildFile; fileRef = 228DD1A32CB242D9DFE0532F /* ShelfRowBuilderTests.swift */; };
/* End PBXBuildFile section */

/* Begin PBXContainerItemProxy section */
		6A5BB7FF2962BC532BEA4015 /* PBXContainerItemProxy */ = {
			isa = PBXContainerItemProxy;
			containerPortal = 977FD447865BD21C7C8A7869 /* Project object */;
			proxyType = 1;
			remoteGlobalIDString = EA68387AE55F656266E83284;
			remoteInfo = MangaShelf;
		};
/* End PBXContainerItemProxy section */

/* Begin PBXFileReference section */
		00F94F3C081866F0472324B4 /* MangaShelfTests.xctest */ = {isa = PBXFileReference; includeInIndex = 0; lastKnownFileType = wrapper.cfbundle; path = MangaShelfTests.xctest; sourceTree = BUILT_PRODUCTS_DIR; };
		0383E12EEB9B5D6CDEEFD45F /* AniListService.swift */ = {isa = PBXFileReference; lastKnownFileType = sourcecode.swift; path = AniListService.swift; sourceTree = "<group>"; };
		079855B4C32808BE7799009A /* GoogleService-Info.plist */ = {isa = PBXFileReference; lastKnownFileType = text.plist; path = "GoogleService-Info.plist"; sourceTree = "<group>"; };
		1524ECD63A8F52F9089C3362 /* RakutenBooksAPI.swift */ = {isa = PBXFileReference; lastKnownFileType = sourcecode.swift; path = RakutenBooksAPI.swift; sourceTree = "<group>"; };
		1822CDA5A8860D116D015C8B /* CandidateRowView.swift */ = {isa = PBXFileReference; lastKnownFileType = sourcecode.swift; path = CandidateRowView.swift; sourceTree = "<group>"; };
		228DD1A32CB242D9DFE0532F /* ShelfRowBuilderTests.swift */ = {isa = PBXFileReference; lastKnownFileType = sourcecode.swift; path = ShelfRowBuilderTests.swift; sourceTree = "<group>"; };
		2B592DD2EA6519A845E49AB5 /* ShelfRowBuilder.swift */ = {isa = PBXFileReference; lastKnownFileType = sourcecode.swift; path = ShelfRowBuilder.swift; sourceTree = "<group>"; };
		45EF399B3AC6BE61F32C9195 /* FirebaseBootstrap.swift */ = {isa = PBXFileReference; lastKnownFileType = sourcecode.swift; path = FirebaseBootstrap.swift; sourceTree = "<group>"; };
		476AB463AB45E317418FF6B1 /* MangaDetailView.swift */ = {isa = PBXFileReference; lastKnownFileType = sourcecode.swift; path = MangaDetailView.swift; sourceTree = "<group>"; };
		4903A3DC0284C0ADFD47710E /* MangaDetailSyncLogicTests.swift */ = {isa = PBXFileReference; lastKnownFileType = sourcecode.swift; path = MangaDetailSyncLogicTests.swift; sourceTree = "<group>"; };
		4E234ADB83ADF60CAAC6D126 /* Theme.swift */ = {isa = PBXFileReference; lastKnownFileType = sourcecode.swift; path = Theme.swift; sourceTree = "<group>"; };
		4FF590F877001BB85F560E4E /* MangaCardView.swift */ = {isa = PBXFileReference; lastKnownFileType = sourcecode.swift; path = MangaCardView.swift; sourceTree = "<group>"; };
		5052CE1C524872C7C1D0D6BE /* VolumeGridView.swift */ = {isa = PBXFileReference; lastKnownFileType = sourcecode.swift; path = VolumeGridView.swift; sourceTree = "<group>"; };
		53F8B7B236999E4B3C4820D1 /* RakutenVolumeExtractionTests.swift */ = {isa = PBXFileReference; lastKnownFileType = sourcecode.swift; path = RakutenVolumeExtractionTests.swift; sourceTree = "<group>"; };
		55C25A54299F28AE4AC67423 /* MangaDetailSyncLogic.swift */ = {isa = PBXFileReference; lastKnownFileType = sourcecode.swift; path = MangaDetailSyncLogic.swift; sourceTree = "<group>"; };
		58C69AA2EB792EA84F39D236 /* AddMangaView.swift */ = {isa = PBXFileReference; lastKnownFileType = sourcecode.swift; path = AddMangaView.swift; sourceTree = "<group>"; };
		6913F8DE5C03EAA00B1A0470 /* Manga.swift */ = {isa = PBXFileReference; lastKnownFileType = sourcecode.swift; path = Manga.swift; sourceTree = "<group>"; };
		773E7F7FDE0B46C906658FBE /* UserBadgesView.swift */ = {isa = PBXFileReference; lastKnownFileType = sourcecode.swift; path = UserBadgesView.swift; sourceTree = "<group>"; };
		7F642E79B57314F2D975BA5F /* RakutenSecrets.swift */ = {isa = PBXFileReference; lastKnownFileType = sourcecode.swift; path = RakutenSecrets.swift; sourceTree = "<group>"; };
		80B8D14E9C55B58767ED032B /* MangaRepository.swift */ = {isa = PBXFileReference; lastKnownFileType = sourcecode.swift; path = MangaRepository.swift; sourceTree = "<group>"; };
		8E903C967EE78B54685841E1 /* InputValidation.swift */ = {isa = PBXFileReference; lastKnownFileType = sourcecode.swift; path = InputValidation.swift; sourceTree = "<group>"; };
		9802FB0F6E1CECCCD0055FF1 /* RootView.swift */ = {isa = PBXFileReference; lastKnownFileType = sourcecode.swift; path = RootView.swift; sourceTree = "<group>"; };
		981F3350A5ED0FD9AFE291F2 /* InputValidationTests.swift */ = {isa = PBXFileReference; lastKnownFileType = sourcecode.swift; path = InputValidationTests.swift; sourceTree = "<group>"; };
		9A90FFB6C1932BD9CAED5466 /* MangaShelfView.swift */ = {isa = PBXFileReference; lastKnownFileType = sourcecode.swift; path = MangaShelfView.swift; sourceTree = "<group>"; };
		B25750A38F9FB207193F503F /* MangaShelfApp.swift */ = {isa = PBXFileReference; lastKnownFileType = sourcecode.swift; path = MangaShelfApp.swift; sourceTree = "<group>"; };
		B9D1B6FA5394AAA6E6EC237B /* Secrets.plist */ = {isa = PBXFileReference; lastKnownFileType = text.plist; path = Secrets.plist; sourceTree = "<group>"; };
		D12521030710635FC56EC5AB /* SeriesGroupView.swift */ = {isa = PBXFileReference; lastKnownFileType = sourcecode.swift; path = SeriesGroupView.swift; sourceTree = "<group>"; };
		EEF20DE28ABE92B7F1DDC071 /* AniListGenreMappingTests.swift */ = {isa = PBXFileReference; lastKnownFileType = sourcecode.swift; path = AniListGenreMappingTests.swift; sourceTree = "<group>"; };
		F6C9990A325CC13F3DDD0D15 /* MangaShelf.app */ = {isa = PBXFileReference; includeInIndex = 0; lastKnownFileType = wrapper.application; path = MangaShelf.app; sourceTree = BUILT_PRODUCTS_DIR; };
		F9174A49D3EB9577958720FC /* BulkUpdateResultView.swift */ = {isa = PBXFileReference; lastKnownFileType = sourcecode.swift; path = BulkUpdateResultView.swift; sourceTree = "<group>"; };
		FFC53DDC6A00553B29F0F588 /* ManualFormView.swift */ = {isa = PBXFileReference; lastKnownFileType = sourcecode.swift; path = ManualFormView.swift; sourceTree = "<group>"; };
/* End PBXFileReference section */

/* Begin PBXFrameworksBuildPhase section */
		7DA193794BAC59DE84922A46 /* Frameworks */ = {
			isa = PBXFrameworksBuildPhase;
			buildActionMask = 2147483647;
			files = (
				18481F9D76DF98502773C582 /* FirebaseFirestore in Frameworks */,
				7AF3DC864C73A6B524478684 /* FirebaseCore in Frameworks */,
			);
			runOnlyForDeploymentPostprocessing = 0;
		};
/* End PBXFrameworksBuildPhase section */

/* Begin PBXGroup section */
		08CB80D310EF997DEA8AE716 /* MangaShelfTests */ = {
			isa = PBXGroup;
			children = (
				EEF20DE28ABE92B7F1DDC071 /* AniListGenreMappingTests.swift */,
				981F3350A5ED0FD9AFE291F2 /* InputValidationTests.swift */,
				4903A3DC0284C0ADFD47710E /* MangaDetailSyncLogicTests.swift */,
				53F8B7B236999E4B3C4820D1 /* RakutenVolumeExtractionTests.swift */,
				228DD1A32CB242D9DFE0532F /* ShelfRowBuilderTests.swift */,
			);
			path = MangaShelfTests;
			sourceTree = "<group>";
		};
		29D3794A306999B0E65163A0 /* Components */ = {
			isa = PBXGroup;
			children = (
				1822CDA5A8860D116D015C8B /* CandidateRowView.swift */,
				4FF590F877001BB85F560E4E /* MangaCardView.swift */,
				FFC53DDC6A00553B29F0F588 /* ManualFormView.swift */,
				D12521030710635FC56EC5AB /* SeriesGroupView.swift */,
				773E7F7FDE0B46C906658FBE /* UserBadgesView.swift */,
				5052CE1C524872C7C1D0D6BE /* VolumeGridView.swift */,
			);
			path = Components;
			sourceTree = "<group>";
		};
		58F317175890775DED584FE3 = {
			isa = PBXGroup;
			children = (
				5A8C8E8F3D53996305A39632 /* Resources */,
				C439CC7659E20718AD6BC0C0 /* Sources */,
				E4D565CC6C679A51405725DC /* Tests */,
				6748428A60CC40720DE9364B /* Products */,
			);
			sourceTree = "<group>";
		};
		5A8C8E8F3D53996305A39632 /* Resources */ = {
			isa = PBXGroup;
			children = (
				079855B4C32808BE7799009A /* GoogleService-Info.plist */,
				B9D1B6FA5394AAA6E6EC237B /* Secrets.plist */,
			);
			path = Resources;
			sourceTree = "<group>";
		};
		6748428A60CC40720DE9364B /* Products */ = {
			isa = PBXGroup;
			children = (
				F6C9990A325CC13F3DDD0D15 /* MangaShelf.app */,
				00F94F3C081866F0472324B4 /* MangaShelfTests.xctest */,
			);
			name = Products;
			sourceTree = "<group>";
		};
		7C52C6154BBB3CB836214901 /* Models */ = {
			isa = PBXGroup;
			children = (
				6913F8DE5C03EAA00B1A0470 /* Manga.swift */,
			);
			path = Models;
			sourceTree = "<group>";
		};
		A0DC4D4B50A2864AB39ABB3C /* Services */ = {
			isa = PBXGroup;
			children = (
				0383E12EEB9B5D6CDEEFD45F /* AniListService.swift */,
				45EF399B3AC6BE61F32C9195 /* FirebaseBootstrap.swift */,
				8E903C967EE78B54685841E1 /* InputValidation.swift */,
				55C25A54299F28AE4AC67423 /* MangaDetailSyncLogic.swift */,
				80B8D14E9C55B58767ED032B /* MangaRepository.swift */,
				1524ECD63A8F52F9089C3362 /* RakutenBooksAPI.swift */,
				7F642E79B57314F2D975BA5F /* RakutenSecrets.swift */,
				2B592DD2EA6519A845E49AB5 /* ShelfRowBuilder.swift */,
			);
			path = Services;
			sourceTree = "<group>";
		};
		AF45BA5F6EE650AF036B5828 /* Views */ = {
			isa = PBXGroup;
			children = (
				58C69AA2EB792EA84F39D236 /* AddMangaView.swift */,
				F9174A49D3EB9577958720FC /* BulkUpdateResultView.swift */,
				476AB463AB45E317418FF6B1 /* MangaDetailView.swift */,
				9A90FFB6C1932BD9CAED5466 /* MangaShelfView.swift */,
				9802FB0F6E1CECCCD0055FF1 /* RootView.swift */,
				4E234ADB83ADF60CAAC6D126 /* Theme.swift */,
				29D3794A306999B0E65163A0 /* Components */,
			);
			path = Views;
			sourceTree = "<group>";
		};
		C439CC7659E20718AD6BC0C0 /* Sources */ = {
			isa = PBXGroup;
			children = (
				E0C942B01B66778CD2AE6723 /* App */,
				7C52C6154BBB3CB836214901 /* Models */,
				A0DC4D4B50A2864AB39ABB3C /* Services */,
				AF45BA5F6EE650AF036B5828 /* Views */,
			);
			path = Sources;
			sourceTree = "<group>";
		};
		E0C942B01B66778CD2AE6723 /* App */ = {
			isa = PBXGroup;
			children = (
				B25750A38F9FB207193F503F /* MangaShelfApp.swift */,
			);
			path = App;
			sourceTree = "<group>";
		};
		E4D565CC6C679A51405725DC /* Tests */ = {
			isa = PBXGroup;
			children = (
				08CB80D310EF997DEA8AE716 /* MangaShelfTests */,
			);
			path = Tests;
			sourceTree = "<group>";
		};
/* End PBXGroup section */

/* Begin PBXNativeTarget section */
		891B901BFC957B444936C512 /* MangaShelfTests */ = {
			isa = PBXNativeTarget;
			buildConfigurationList = 31189E7FFDE9A0EC320E7529 /* Build configuration list for PBXNativeTarget "MangaShelfTests" */;
			buildPhases = (
				F0F455F0017BBE085CD3F573 /* Sources */,
			);
			buildRules = (
			);
			dependencies = (
				92024EC02A6956E9374BDBCB /* PBXTargetDependency */,
			);
			name = MangaShelfTests;
			packageProductDependencies = (
			);
			productName = MangaShelfTests;
			productReference = 00F94F3C081866F0472324B4 /* MangaShelfTests.xctest */;
			productType = "com.apple.product-type.bundle.unit-test";
		};
		EA68387AE55F656266E83284 /* MangaShelf */ = {
			isa = PBXNativeTarget;
			buildConfigurationList = 92A7A393D6FF666794754A30 /* Build configuration list for PBXNativeTarget "MangaShelf" */;
			buildPhases = (
				86B50632C18B906A74B5F59F /* Sources */,
				67895EC22E32B30D7C4509CE /* Resources */,
				7DA193794BAC59DE84922A46 /* Frameworks */,
			);
			buildRules = (
			);
			dependencies = (
			);
			name = MangaShelf;
			packageProductDependencies = (
				A9947FD777FE5E2672B8160A /* FirebaseFirestore */,
				90D93A256E3F0D1ACF744836 /* FirebaseCore */,
			);
			productName = MangaShelf;
			productReference = F6C9990A325CC13F3DDD0D15 /* MangaShelf.app */;
			productType = "com.apple.product-type.application";
		};
/* End PBXNativeTarget section */

/* Begin PBXProject section */
		977FD447865BD21C7C8A7869 /* Project object */ = {
			isa = PBXProject;
			attributes = {
				BuildIndependentTargetsInParallel = YES;
				LastUpgradeCheck = 1430;
				TargetAttributes = {
					891B901BFC957B444936C512 = {
						ProvisioningStyle = Automatic;
					};
					EA68387AE55F656266E83284 = {
						DevelopmentTeam = L47Y6TXLJ3;
						ProvisioningStyle = Automatic;
					};
				};
			};
			buildConfigurationList = 6644FFC1E4A385174A1B8499 /* Build configuration list for PBXProject "MangaShelf" */;
			developmentRegion = en;
			hasScannedForEncodings = 0;
			knownRegions = (
				Base,
				en,
			);
			mainGroup = 58F317175890775DED584FE3;
			minimizedProjectReferenceProxies = 1;
			packageReferences = (
				8D189C55C0AD0EC51B4EE24F /* XCRemoteSwiftPackageReference "firebase-ios-sdk" */,
			);
			preferredProjectObjectVersion = 77;
			productRefGroup = 6748428A60CC40720DE9364B /* Products */;
			projectDirPath = "";
			projectRoot = "";
			targets = (
				EA68387AE55F656266E83284 /* MangaShelf */,
				891B901BFC957B444936C512 /* MangaShelfTests */,
			);
		};
/* End PBXProject section */

/* Begin PBXResourcesBuildPhase section */
		67895EC22E32B30D7C4509CE /* Resources */ = {
			isa = PBXResourcesBuildPhase;
			buildActionMask = 2147483647;
			files = (
				716DE4E391BF827AC8B290C5 /* GoogleService-Info.plist in Resources */,
				30E96966B56451C60ACE1263 /* Secrets.plist in Resources */,
			);
			runOnlyForDeploymentPostprocessing = 0;
		};
/* End PBXResourcesBuildPhase section */

/* Begin PBXSourcesBuildPhase section */
		86B50632C18B906A74B5F59F /* Sources */ = {
			isa = PBXSourcesBuildPhase;
			buildActionMask = 2147483647;
			files = (
				6D3223E0FC9E91374B476249 /* AddMangaView.swift in Sources */,
				68E515D65B18E15575B76633 /* AniListService.swift in Sources */,
				DDCC47A01FB88D510E31B7C6 /* BulkUpdateResultView.swift in Sources */,
				CB2AD3A6D5C743551B07811B /* CandidateRowView.swift in Sources */,
				BB8CC8440B0A55BF395C1E30 /* FirebaseBootstrap.swift in Sources */,
				619816C9BE0600594A0A7614 /* InputValidation.swift in Sources */,
				48C24EA038DFDE544CB3B8CD /* Manga.swift in Sources */,
				B90E426F0621D45B98723057 /* MangaCardView.swift in Sources */,
				163EECCFEF15E29E839BE24B /* MangaDetailSyncLogic.swift in Sources */,
				4AC8D79A294BF11427EFCF52 /* MangaDetailView.swift in Sources */,
				F6968BD2D81C6BA57DB43AF5 /* MangaRepository.swift in Sources */,
				4F38CFCD80FFBDFE33E149FA /* MangaShelfApp.swift in Sources */,
				E9311718B3C40AE34E77EC30 /* MangaShelfView.swift in Sources */,
				1F0FDC063E01FC967D578CE3 /* ManualFormView.swift in Sources */,
				992667A7F49BF2CC8DCCEE30 /* RakutenBooksAPI.swift in Sources */,
				76AB13AA1FDDA2204C7E17B2 /* RakutenSecrets.swift in Sources */,
				E92FCD20E487B0C5DD5C0A81 /* RootView.swift in Sources */,
				4029CB90BDD306627FE9836E /* SeriesGroupView.swift in Sources */,
				C5D804B7363D6C7593B2AE94 /* ShelfRowBuilder.swift in Sources */,
				657412A155E61727F0155A9E /* Theme.swift in Sources */,
				133945320AC70EFF58A9D102 /* UserBadgesView.swift in Sources */,
				CC9892CB2BD3DA12A193AEC2 /* VolumeGridView.swift in Sources */,
			);
			runOnlyForDeploymentPostprocessing = 0;
		};
		F0F455F0017BBE085CD3F573 /* Sources */ = {
			isa = PBXSourcesBuildPhase;
			buildActionMask = 2147483647;
			files = (
				35D9E906D8669A058F1E22D2 /* AniListGenreMappingTests.swift in Sources */,
				213A717C8CA9230E69070649 /* InputValidationTests.swift in Sources */,
				1C6686FBB4EB57DAB8C2C338 /* MangaDetailSyncLogicTests.swift in Sources */,
				C33F0E7EDFAD6BF95257DCC6 /* RakutenVolumeExtractionTests.swift in Sources */,
				F90EF46FE6C38E37072F1735 /* ShelfRowBuilderTests.swift in Sources */,
			);
			runOnlyForDeploymentPostprocessing = 0;
		};
/* End PBXSourcesBuildPhase section */

/* Begin PBXTargetDependency section */
		92024EC02A6956E9374BDBCB /* PBXTargetDependency */ = {
			isa = PBXTargetDependency;
			target = EA68387AE55F656266E83284 /* MangaShelf */;
			targetProxy = 6A5BB7FF2962BC532BEA4015 /* PBXContainerItemProxy */;
		};
/* End PBXTargetDependency section */

/* Begin XCBuildConfiguration section */
		0ED57917B7DA61DD79B77928 /* Debug */ = {
			isa = XCBuildConfiguration;
			buildSettings = {
				ALWAYS_SEARCH_USER_PATHS = NO;
				CLANG_ANALYZER_NONNULL = YES;
				CLANG_ANALYZER_NUMBER_OBJECT_CONVERSION = YES_AGGRESSIVE;
				CLANG_CXX_LANGUAGE_STANDARD = "gnu++14";
				CLANG_CXX_LIBRARY = "libc++";
				CLANG_ENABLE_MODULES = YES;
				CLANG_ENABLE_OBJC_ARC = YES;
				CLANG_ENABLE_OBJC_WEAK = YES;
				CLANG_WARN_BLOCK_CAPTURE_AUTORELEASING = YES;
				CLANG_WARN_BOOL_CONVERSION = YES;
				CLANG_WARN_COMMA = YES;
				CLANG_WARN_CONSTANT_CONVERSION = YES;
				CLANG_WARN_DEPRECATED_OBJC_IMPLEMENTATIONS = YES;
				CLANG_WARN_DIRECT_OBJC_ISA_USAGE = YES_ERROR;
				CLANG_WARN_DOCUMENTATION_COMMENTS = YES;
				CLANG_WARN_EMPTY_BODY = YES;
				CLANG_WARN_ENUM_CONVERSION = YES;
				CLANG_WARN_INFINITE_RECURSION = YES;
				CLANG_WARN_INT_CONVERSION = YES;
				CLANG_WARN_NON_LITERAL_NULL_CONVERSION = YES;
				CLANG_WARN_OBJC_IMPLICIT_RETAIN_SELF = YES;
				CLANG_WARN_OBJC_LITERAL_CONVERSION = YES;
				CLANG_WARN_OBJC_ROOT_CLASS = YES_ERROR;
				CLANG_WARN_QUOTED_INCLUDE_IN_FRAMEWORK_HEADER = YES;
				CLANG_WARN_RANGE_LOOP_ANALYSIS = YES;
				CLANG_WARN_STRICT_PROTOTYPES = YES;
				CLANG_WARN_SUSPICIOUS_MOVE = YES;
				CLANG_WARN_UNGUARDED_AVAILABILITY = YES_AGGRESSIVE;
				CLANG_WARN_UNREACHABLE_CODE = YES;
				CLANG_WARN__DUPLICATE_METHOD_MATCH = YES;
				COPY_PHASE_STRIP = NO;
				DEBUG_INFORMATION_FORMAT = dwarf;
				ENABLE_STRICT_OBJC_MSGSEND = YES;
				ENABLE_TESTABILITY = YES;
				GCC_C_LANGUAGE_STANDARD = gnu11;
				GCC_DYNAMIC_NO_PIC = NO;
				GCC_NO_COMMON_BLOCKS = YES;
				GCC_OPTIMIZATION_LEVEL = 0;
				GCC_PREPROCESSOR_DEFINITIONS = (
					"$(inherited)",
					"DEBUG=1",
				);
				GCC_WARN_64_TO_32_BIT_CONVERSION = YES;
				GCC_WARN_ABOUT_RETURN_TYPE = YES_ERROR;
				GCC_WARN_UNDECLARED_SELECTOR = YES;
				GCC_WARN_UNINITIALIZED_AUTOS = YES_AGGRESSIVE;
				GCC_WARN_UNUSED_FUNCTION = YES;
				GCC_WARN_UNUSED_VARIABLE = YES;
				IPHONEOS_DEPLOYMENT_TARGET = 17.0;
				MTL_ENABLE_DEBUG_INFO = INCLUDE_SOURCE;
				MTL_FAST_MATH = YES;
				ONLY_ACTIVE_ARCH = YES;
				PRODUCT_NAME = "$(TARGET_NAME)";
				SDKROOT = iphoneos;
				SWIFT_ACTIVE_COMPILATION_CONDITIONS = DEBUG;
				SWIFT_OPTIMIZATION_LEVEL = "-Onone";
				SWIFT_VERSION = 5.0;
			};
			name = Debug;
		};
		0F43FA20F8D10D8AFCAA0681 /* Debug */ = {
			isa = XCBuildConfiguration;
			buildSettings = {
				ASSETCATALOG_COMPILER_APPICON_NAME = "";
				CODE_SIGN_IDENTITY = "iPhone Developer";
				CODE_SIGN_STYLE = Automatic;
				CURRENT_PROJECT_VERSION = 1;
				DEVELOPMENT_TEAM = L47Y6TXLJ3;
				INFOPLIST_FILE = Generated/Info.plist;
				IPHONEOS_DEPLOYMENT_TARGET = 17.0;
				LD_RUNPATH_SEARCH_PATHS = (
					"$(inherited)",
					"@executable_path/Frameworks",
				);
				MARKETING_VERSION = 1.0;
				PRODUCT_BUNDLE_IDENTIFIER = com.mangashelf.app.MangaShelf;
				PRODUCT_NAME = MangaShelf;
				SDKROOT = iphoneos;
				SWIFT_VERSION = 5.0;
				TARGETED_DEVICE_FAMILY = 1;
			};
			name = Debug;
		};
		33051F41D198BC0E1D1FF90B /* Release */ = {
			isa = XCBuildConfiguration;
			buildSettings = {
				ASSETCATALOG_COMPILER_APPICON_NAME = "";
				CODE_SIGN_IDENTITY = "iPhone Developer";
				CODE_SIGN_STYLE = Automatic;
				CURRENT_PROJECT_VERSION = 1;
				DEVELOPMENT_TEAM = L47Y6TXLJ3;
				INFOPLIST_FILE = Generated/Info.plist;
				IPHONEOS_DEPLOYMENT_TARGET = 17.0;
				LD_RUNPATH_SEARCH_PATHS = (
					"$(inherited)",
					"@executable_path/Frameworks",
				);
				MARKETING_VERSION = 1.0;
				PRODUCT_BUNDLE_IDENTIFIER = com.mangashelf.app.MangaShelf;
				PRODUCT_NAME = MangaShelf;
				SDKROOT = iphoneos;
				SWIFT_VERSION = 5.0;
				TARGETED_DEVICE_FAMILY = 1;
			};
			name = Release;
		};
		7066F7186D1A9822A3451B75 /* Release */ = {
			isa = XCBuildConfiguration;
			buildSettings = {
				BUNDLE_LOADER = "$(TEST_HOST)";
				CODE_SIGN_STYLE = Automatic;
				GENERATE_INFOPLIST_FILE = YES;
				IPHONEOS_DEPLOYMENT_TARGET = 17.0;
				LD_RUNPATH_SEARCH_PATHS = (
					"$(inherited)",
					"@executable_path/Frameworks",
					"@loader_path/Frameworks",
				);
				PRODUCT_BUNDLE_IDENTIFIER = com.mangashelf.app.MangaShelfTests;
				SDKROOT = iphoneos;
				SWIFT_VERSION = 5.0;
				TARGETED_DEVICE_FAMILY = "1,2";
				TEST_HOST = "$(BUILT_PRODUCTS_DIR)/MangaShelf.app/MangaShelf";
			};
			name = Release;
		};
		747F93D55335DB8DD699BC86 /* Debug */ = {
			isa = XCBuildConfiguration;
			buildSettings = {
				BUNDLE_LOADER = "$(TEST_HOST)";
				CODE_SIGN_STYLE = Automatic;
				GENERATE_INFOPLIST_FILE = YES;
				IPHONEOS_DEPLOYMENT_TARGET = 17.0;
				LD_RUNPATH_SEARCH_PATHS = (
					"$(inherited)",
					"@executable_path/Frameworks",
					"@loader_path/Frameworks",
				);
				PRODUCT_BUNDLE_IDENTIFIER = com.mangashelf.app.MangaShelfTests;
				SDKROOT = iphoneos;
				SWIFT_VERSION = 5.0;
				TARGETED_DEVICE_FAMILY = "1,2";
				TEST_HOST = "$(BUILT_PRODUCTS_DIR)/MangaShelf.app/MangaShelf";
			};
			name = Debug;
		};
		A3F04E71035802C80B0D2480 /* Release */ = {
			isa = XCBuildConfiguration;
			buildSettings = {
				ALWAYS_SEARCH_USER_PATHS = NO;
				CLANG_ANALYZER_NONNULL = YES;
				CLANG_ANALYZER_NUMBER_OBJECT_CONVERSION = YES_AGGRESSIVE;
				CLANG_CXX_LANGUAGE_STANDARD = "gnu++14";
				CLANG_CXX_LIBRARY = "libc++";
				CLANG_ENABLE_MODULES = YES;
				CLANG_ENABLE_OBJC_ARC = YES;
				CLANG_ENABLE_OBJC_WEAK = YES;
				CLANG_WARN_BLOCK_CAPTURE_AUTORELEASING = YES;
				CLANG_WARN_BOOL_CONVERSION = YES;
				CLANG_WARN_COMMA = YES;
				CLANG_WARN_CONSTANT_CONVERSION = YES;
				CLANG_WARN_DEPRECATED_OBJC_IMPLEMENTATIONS = YES;
				CLANG_WARN_DIRECT_OBJC_ISA_USAGE = YES_ERROR;
				CLANG_WARN_DOCUMENTATION_COMMENTS = YES;
				CLANG_WARN_EMPTY_BODY = YES;
				CLANG_WARN_ENUM_CONVERSION = YES;
				CLANG_WARN_INFINITE_RECURSION = YES;
				CLANG_WARN_INT_CONVERSION = YES;
				CLANG_WARN_NON_LITERAL_NULL_CONVERSION = YES;
				CLANG_WARN_OBJC_IMPLICIT_RETAIN_SELF = YES;
				CLANG_WARN_OBJC_LITERAL_CONVERSION = YES;
				CLANG_WARN_OBJC_ROOT_CLASS = YES_ERROR;
				CLANG_WARN_QUOTED_INCLUDE_IN_FRAMEWORK_HEADER = YES;
				CLANG_WARN_RANGE_LOOP_ANALYSIS = YES;
				CLANG_WARN_STRICT_PROTOTYPES = YES;
				CLANG_WARN_SUSPICIOUS_MOVE = YES;
				CLANG_WARN_UNGUARDED_AVAILABILITY = YES_AGGRESSIVE;
				CLANG_WARN_UNREACHABLE_CODE = YES;
				CLANG_WARN__DUPLICATE_METHOD_MATCH = YES;
				COPY_PHASE_STRIP = NO;
				DEBUG_INFORMATION_FORMAT = "dwarf-with-dsym";
				ENABLE_NS_ASSERTIONS = NO;
				ENABLE_STRICT_OBJC_MSGSEND = YES;
				GCC_C_LANGUAGE_STANDARD = gnu11;
				GCC_NO_COMMON_BLOCKS = YES;
				GCC_WARN_64_TO_32_BIT_CONVERSION = YES;
				GCC_WARN_ABOUT_RETURN_TYPE = YES_ERROR;
				GCC_WARN_UNDECLARED_SELECTOR = YES;
				GCC_WARN_UNINITIALIZED_AUTOS = YES_AGGRESSIVE;
				GCC_WARN_UNUSED_FUNCTION = YES;
				GCC_WARN_UNUSED_VARIABLE = YES;
				IPHONEOS_DEPLOYMENT_TARGET = 17.0;
				MTL_ENABLE_DEBUG_INFO = NO;
				MTL_FAST_MATH = YES;
				PRODUCT_NAME = "$(TARGET_NAME)";
				SDKROOT = iphoneos;
				SWIFT_COMPILATION_MODE = wholemodule;
				SWIFT_OPTIMIZATION_LEVEL = "-O";
				SWIFT_VERSION = 5.0;
			};
			name = Release;
		};
/* End XCBuildConfiguration section */

/* Begin XCConfigurationList section */
		31189E7FFDE9A0EC320E7529 /* Build configuration list for PBXNativeTarget "MangaShelfTests" */ = {
			isa = XCConfigurationList;
			buildConfigurations = (
				747F93D55335DB8DD699BC86 /* Debug */,
				7066F7186D1A9822A3451B75 /* Release */,
			);
			defaultConfigurationIsVisible = 0;
			defaultConfigurationName = Debug;
		};
		6644FFC1E4A385174A1B8499 /* Build configuration list for PBXProject "MangaShelf" */ = {
			isa = XCConfigurationList;
			buildConfigurations = (
				0ED57917B7DA61DD79B77928 /* Debug */,
				A3F04E71035802C80B0D2480 /* Release */,
			);
			defaultConfigurationIsVisible = 0;
			defaultConfigurationName = Debug;
		};
		92A7A393D6FF666794754A30 /* Build configuration list for PBXNativeTarget "MangaShelf" */ = {
			isa = XCConfigurationList;
			buildConfigurations = (
				0F43FA20F8D10D8AFCAA0681 /* Debug */,
				33051F41D198BC0E1D1FF90B /* Release */,
			);
			defaultConfigurationIsVisible = 0;
			defaultConfigurationName = Debug;
		};
/* End XCConfigurationList section */

/* Begin XCRemoteSwiftPackageReference section */
		8D189C55C0AD0EC51B4EE24F /* XCRemoteSwiftPackageReference "firebase-ios-sdk" */ = {
			isa = XCRemoteSwiftPackageReference;
			repositoryURL = "https://github.com/firebase/firebase-ios-sdk";
			requirement = {
				kind = upToNextMajorVersion;
				minimumVersion = 11.0.0;
			};
		};
/* End XCRemoteSwiftPackageReference section */

/* Begin XCSwiftPackageProductDependency section */
		90D93A256E3F0D1ACF744836 /* FirebaseCore */ = {
			isa = XCSwiftPackageProductDependency;
			package = 8D189C55C0AD0EC51B4EE24F /* XCRemoteSwiftPackageReference "firebase-ios-sdk" */;
			productName = FirebaseCore;
		};
		A9947FD777FE5E2672B8160A /* FirebaseFirestore */ = {
			isa = XCSwiftPackageProductDependency;
			package = 8D189C55C0AD0EC51B4EE24F /* XCRemoteSwiftPackageReference "firebase-ios-sdk" */;
			productName = FirebaseFirestore;
		};
/* End XCSwiftPackageProductDependency section */
	};
	rootObject = 977FD447865BD21C7C8A7869 /* Project object */;
}
